{
  "nodes": {
    "crane": {
      "locked": {
        "lastModified": 1781825982,
        "narHash": "sha256-SlXKwIRIhrOSAcTjCB3ftPLzJWZStQIPS7J1FlZPnKk=",
        "owner": "ipetkov",
        "repo": "crane",
        "rev": "469fd08d0bcf6926321fa973c6777fbc87785dd7",
        "type": "github"
      },
      "original": {
        "owner": "ipetkov",
        "repo": "crane",
        "type": "github"
      }
    },
    "flake-compat": {
      "flake": false,
      "locked": {
        "lastModified": 1767039857,
        "narHash": "sha256-vNpUSpF5Nuw8xvDLj2KCwwksIbjua2LZCqhV1LNRDns=",
        "owner": "NixOS",
        "repo": "flake-compat",
        "rev": "5edf11c44bc78a0d334f6334cdaf7d60d732daab",
        "type": "github"
      },
      "original": {
        "owner": "NixOS",
        "repo": "flake-compat",
        "type": "github"
      }
    },
    "flake-compat_2": {
      "locked": {
        "lastModified": 1761640442,
        "narHash": "sha256-AtrEP6Jmdvrqiv4x2xa5mrtaIp3OEe8uBYCDZDS+hu8=",
        "owner": "nix-community",
        "repo": "flake-compat",
        "rev": "4a56054d8ffc173222d09dad23adf4ba946c8884",
        "type": "github"
      },
      "original": {
        "owner": "nix-community",
        "repo": "flake-compat",
        "type": "github"
      }
    },
    "flake-parts": {
      "inputs": {
        "nixpkgs-lib": [
          "nixvim",
          "nixpkgs"
        ]
      },
      "locked": {
        "lastModified": 1782949081,
        "narHash": "sha256-vp6Y/Grm98ESt6ceOkWiHWyZRDV3J1RID4w+6NWK9yA=",
        "owner": "hercules-ci",
        "repo": "flake-parts",
        "rev": "17c9d6cdfc60c64f4ee8d306f9bc0b4ccb51481e",
        "type": "github"
      },
      "original": {
        "owner": "hercules-ci",
        "repo": "flake-parts",
        "type": "github"
      }
    },
    "flake-utils": {
      "inputs": {
        "systems": "systems"
      },
      "locked": {
        "lastModified": 1731533236,
        "narHash": "sha256-l0KFg5HjrsfsO/JpG+r7fRrqm12kzFHyUHqHCVpMMbI=",
        "owner": "numtide",
        "repo": "flake-utils",
        "rev": "11707dc2f618dd54ca8739b309ec4fc024de578b",
        "type": "github"
      },
      "original": {
        "owner": "numtide",
        "repo": "flake-utils",
        "type": "github"
      }
    },
    "gitignore": {
      "inputs": {
        "nixpkgs": [
          "lanzaboote",
          "pre-commit",
          "nixpkgs"
        ]
      },
      "locked": {
        "lastModified": 1709087332,
        "narHash": "sha256-HG2cCnktfHsKV0s4XW83gU3F57gaTljL9KNSuG6bnQs=",
        "owner": "hercules-ci",
        "repo": "gitignore.nix",
        "rev": "637db329424fd7e46cf4185293b9cc8c88c95394",
        "type": "github"
      },
      "original": {
        "owner": "hercules-ci",
        "repo": "gitignore.nix",
        "type": "github"
      }
    },
    "home-manager": {
      "inputs": {
        "nixpkgs": [
          "nixpkgs"
        ]
      },
      "locked": {
        "lastModified": 1783005591,
        "narHash": "sha256-NcLHV5uBAeggDUE2wPbKszjfyaSLsoqaYt7izOphkZw=",
        "owner": "nix-community",
        "repo": "home-manager",
        "rev": "f469c79b955609d6a8fdd9e689be76a93b1621d7",
        "type": "github"
      },
      "original": {
        "owner": "nix-community",
        "repo": "home-manager",
        "type": "github"
      }
    },
    "lanzaboote": {
      "inputs": {
        "crane": "crane",
        "nixpkgs": [
          "nixpkgs"
        ],
        "pre-commit": "pre-commit",
        "rust-overlay": "rust-overlay"
      },
      "locked": {
        "lastModified": 1782141370,
        "narHash": "sha256-hqijVSEETttmo8Okql9/LG0Ua34hdciKW1a5zzlj8mU=",
        "owner": "nix-community",
        "repo": "lanzaboote",
        "rev": "7c9a54a7f87b4539ddbd8bda09a8a5f5f9361aa9",
        "type": "github"
      },
      "original": {
        "owner": "nix-community",
        "ref": "v1.1.0",
        "repo": "lanzaboote",
        "type": "github"
      }
    },
    "lib-aggregate": {
      "inputs": {
        "flake-utils": [
          "flake-utils"
        ],
        "nixpkgs-lib": "nixpkgs-lib"
      },
      "locked": {
        "lastModified": 1782654882,
        "narHash": "sha256-37HRvL8u3Dr99bP6zIRlxsCv59iTaXWUGkAlXAdcfks=",
        "owner": "nix-community",
        "repo": "lib-aggregate",
        "rev": "93fd1510cadce6fd279a48124714b5b1b4813a48",
        "type": "github"
      },
      "original": {
        "owner": "nix-community",
        "repo": "lib-aggregate",
        "type": "github"
      }
    },
    "nixpkgs": {
      "locked": {
        "lastModified": 1782723713,
        "narHash": "sha256-oPXCU/SSUokcGaJREHibG1CBX3+s/W7orDWQOZDsEeQ=",
        "owner": "nixos",
        "repo": "nixpkgs",
        "rev": "b5aa0fbd538984f6e3d201be0005b4463d8b09f8",
        "type": "github"
      },
      "original": {
        "owner": "nixos",
        "ref": "nixos-unstable",
        "repo": "nixpkgs",
        "type": "github"
      }
    },
    "nixpkgs-lib": {
      "locked": {
        "lastModified": 1782614948,
        "narHash": "sha256-ePjCwr1sNm9NYUqywL7QfK3JnlS015msC+eBu2zKlp8=",
        "owner": "nix-community",
        "repo": "nixpkgs.lib",
        "rev": "db3f255737b94216eb71cce308e2912cf6bc2d7c",
        "type": "github"
      },
      "original": {
        "owner": "nix-community",
        "repo": "nixpkgs.lib",
        "type": "github"
      }
    },
    "nixpkgs-master": {
      "locked": {
        "lastModified": 1783013263,
        "narHash": "sha256-i+mHbDTIndnnpmGFKdv//HhsoV89mLOG3E/2DY17JvU=",
        "owner": "nixos",
        "repo": "nixpkgs",
        "rev": "cefdeb809b00d6cbad224b0842f3e83c5ec226f8",
        "type": "github"
      },
      "original": {
        "owner": "nixos",
        "ref": "master",
        "repo": "nixpkgs",
        "type": "github"
      }
    },
    "nixpkgs-wayland": {
      "inputs": {
        "flake-compat": "flake-compat_2",
        "lib-aggregate": "lib-aggregate",
        "nixpkgs": [
          "nixpkgs"
        ]
      },
      "locked": {
        "lastModified": 1783004109,
        "narHash": "sha256-GZDTEFJb1Ncx44xgrqY8NAVb81W5yrAHeLzTF6RXRpI=",
        "owner": "nix-community",
        "repo": "nixpkgs-wayland",
        "rev": "7ea3151a0c1591ae815f05a4ece62eb9229bce3e",
        "type": "github"
      },
      "original": {
        "owner": "nix-community",
        "repo": "nixpkgs-wayland",
        "type": "github"
      }
    },
    "nixpkgs_2": {
      "locked": {
        "lastModified": 1782918843,
        "narHash": "sha256-ETYnV9U7Sr+A45dohzZdfCZKOss4qrTkO+wgNZNvEc0=",
        "owner": "NixOS",
        "repo": "nixpkgs",
        "rev": "e8273b29fe1390ec8d4603f2477357555291432e",
        "type": "github"
      },
      "original": {
        "owner": "NixOS",
        "ref": "nixpkgs-unstable",
        "repo": "nixpkgs",
        "type": "github"
      }
    },
    "nixvim": {
      "inputs": {
        "flake-parts": "flake-parts",
        "nixpkgs": "nixpkgs_2",
        "systems": [
          "flake-utils",
          "systems"
        ]
      },
      "locked": {
        "lastModified": 1783008629,
        "narHash": "sha256-09BjomDm95T6kMWbzceSwOvnsyUGYAUJ0kvfx4jcPww=",
        "owner": "nix-community",
        "repo": "nixvim",
        "rev": "e52f93e175e63e4b9bfefd53b051a18f12217bed",
        "type": "github"
      },
      "original": {
        "owner": "nix-community",
        "repo": "nixvim",
        "type": "github"
      }
    },
    "pre-commit": {
      "inputs": {
        "flake-compat": "flake-compat",
        "gitignore": "gitignore",
        "nixpkgs": [
          "lanzaboote",
          "nixpkgs"
        ]
      },
      "locked": {
        "lastModified": 1781733627,
        "narHash": "sha256-U3yTuGBnmXvXoQI3qkpfEDsn9RovQPAjN7ndRco+3u0=",
        "owner": "cachix",
        "repo": "pre-commit-hooks.nix",
        "rev": "3bbec39bc90eadfa031e6f3b77272f3f60803e39",
        "type": "github"
      },
      "original": {
        "owner": "cachix",
        "repo": "pre-commit-hooks.nix",
        "type": "github"
      }
    },
    "root": {
      "inputs": {
        "flake-utils": "flake-utils",
        "home-manager": "home-manager",
        "lanzaboote": "lanzaboote",
        "nixpkgs": "nixpkgs",
        "nixpkgs-master": "nixpkgs-master",
        "nixpkgs-wayland": "nixpkgs-wayland",
        "nixvim": "nixvim"
      }
    },
    "rust-overlay": {
      "inputs": {
        "nixpkgs": [
          "lanzaboote",
          "nixpkgs"
        ]
      },
      "locked": {
        "lastModified": 1782012058,
        "narHash": "sha256-9mWUnReOUXfKjZuJAL/bAFH3LUyECTRtXgSNVjRw3UY=",
        "owner": "oxalica",
        "repo": "rust-overlay",
        "rev": "8534567325bd8a8d2928e6afd81e0a87d19efd3c",
        "type": "github"
      },
      "original": {
        "owner": "oxalica",
        "repo": "rust-overlay",
        "type": "github"
      }
    },
    "systems": {
      "locked": {
        "lastModified": 1681028828,
        "narHash": "sha256-Vy1rq5AaRuLzOxct8nz4T6wlgyUR7zLU309k9mBC768=",
        "owner": "nix-systems",
        "repo": "default",
        "rev": "da67096a3b9bf56a91d16901293e51ba5b49a27e",
        "type": "github"
      },
      "original": {
        "owner": "nix-systems",
        "repo": "default",
        "type": "github"
      }
    }
  },
  "root": "root",
  "version": 7
}
